
Microsoft Visual Studio Solution File, Format Version 12.00
# Visual Studio Version 17
VisualStudioVersion = 17.9.34622.214
MinimumVisualStudioVersion = 10.0.40219.1
Project("{FAE04EC0-301F-11D3-BF4B-00C04F79EFBC}") = "ListaDeComprasApp", "ListaDeComprasApp.csproj", "{C8B0F98C-044F-418B-9E8F-ECD3D6E1B92A}"
EndProject
Project("{2150E333-8FDC-42A3-9474-1A3956D46DE8}") = "db", "db", "{716841B1-5530-4905-A4F8-7E1A3F5BB01C}"
	ProjectSection(SolutionItems) = preProject
		docker-compose.yml = docker-compose.yml
	EndProjectSection
EndProject
Global
	GlobalSection(SolutionConfigurationPlatforms) = preSolution
		Debug|Any CPU = Debug|Any CPU
		Release|Any CPU = Release|Any CPU
	EndGlobalSection
	GlobalSection(ProjectConfigurationPlatforms) = postSolution
		{C8B0F98C-044F-418B-9E8F-ECD3D6E1B92A}.Debug|Any CPU.ActiveCfg = Debug|Any CPU
		{C8B0F98C-044F-418B-9E8F-ECD3D6E1B92A}.Debug|Any CPU.Build.0 = Debug|Any CPU
		{C8B0F98C-044F-418B-9E8F-ECD3D6E1B92A}.Release|Any CPU.ActiveCfg = Release|Any CPU
		{C8B0F98C-044F-418B-9E8F-ECD3D6E1B92A}.Release|Any CPU.Build.0 = Release|Any CPU
	EndGlobalSection
	GlobalSection(SolutionProperties) = preSolution
		HideSolutionNode = FALSE
	EndGlobalSection
	GlobalSection(ExtensibilityGlobals) = postSolution
		SolutionGuid = {AF21DDA1-9888-4D95-8303-8BFD7DEFE120}
	EndGlobalSection
EndGlobal
